
Microsoft Visual Studio Solution File, Format Version 12.00
# Visual Studio Version 16
VisualStudioVersion = 16.0.34114.132
MinimumVisualStudioVersion = 10.0.40219.1
Project("{FAE04EC0-301F-11D3-BF4B-00C04F79EFBC}") = "ex4", "ex4\ex4.csproj", "{5C1395E9-CC4C-459E-BA52-0A3E9212E0BB}"
EndProject
Global
	GlobalSection(SolutionConfigurationPlatforms) = preSolution
		Debug|Any CPU = Debug|Any CPU
		Release|Any CPU = Release|Any CPU
	EndGlobalSection
	GlobalSection(ProjectConfigurationPlatforms) = postSolution
		{5C1395E9-CC4C-459E-BA52-0A3E9212E0BB}.Debug|Any CPU.ActiveCfg = Debug|Any CPU
		{5C1395E9-CC4C-459E-BA52-0A3E9212E0BB}.Debug|Any CPU.Build.0 = Debug|Any CPU
		{5C1395E9-CC4C-459E-BA52-0A3E9212E0BB}.Release|Any CPU.ActiveCfg = Release|Any CPU
		{5C1395E9-CC4C-459E-BA52-0A3E9212E0BB}.Release|Any CPU.Build.0 = Release|Any CPU
	EndGlobalSection
	GlobalSection(SolutionProperties) = preSolution
		HideSolutionNode = FALSE
	EndGlobalSection
	GlobalSection(ExtensibilityGlobals) = postSolution
		SolutionGuid = {C8BFF7C7-1879-4D9F-85A4-65F487CCAFA4}
	EndGlobalSection
EndGlobal
